{
  "nodes": {
    "home-manager": {
      "inputs": {
        "nixpkgs": [
          "nixpkgs"
        ]
      },
      "locked": {
        "lastModified": 1784588016,
        "narHash": "sha256-ouZe80aWEhMLVMkqICFDN+JUw+0FJtCr/bh+hHtRtMg=",
        "owner": "nix-community",
        "repo": "home-manager",
        "rev": "deeb6b7eb7e0c44ae1819c051ce175bd92a85100",
        "type": "github"
      },
      "original": {
        "owner": "nix-community",
        "repo": "home-manager",
        "type": "github"
      }
    },
    "nix-flatpak": {
      "locked": {
        "lastModified": 1783368811,
        "narHash": "sha256-0H8jDwR4Kegb3heaTrH1ftbgKfZVDT8JE+46uXxDy/Q=",
        "owner": "gmodena",
        "repo": "nix-flatpak",
        "rev": "20d42f0ee98c9fe9f85e8d1de474f1409ed10d05",
        "type": "github"
      },
      "original": {
        "owner": "gmodena",
        "repo": "nix-flatpak",
        "type": "github"
      }
    },
    "nixpkgs": {
      "locked": {
        "lastModified": 1784555310,
        "narHash": "sha256-x8Suc10wDlysPVmLWoyifgL7p2wDoQbqRXU5r+qiTgo=",
        "rev": "421eebfd0ec7bccd4abe826ce62d7e6e83129493",
        "type": "tarball",
        "url": "https://releases.nixos.org/nixpkgs/nixpkgs-26.11pre1038038.421eebfd0ec7/nixexprs.tar.xz"
      },
      "original": {
        "id": "nixpkgs",
        "type": "indirect"
      }
    },
    "nixpks": {
      "locked": {
        "lastModified": 1787135253,
        "narHash": "sha256-M5/r2v++FjVhdsxXYMb4BDJ5YLAdCWFt3aZotcshocA=",
        "rev": "ffb3c9b700e759be2ef13237c9d8f953b32a1e46",
        "type": "tarball",
        "url": "https://releases.nixos.org/nixos/unstable/nixos-26.11pre1058091.ffb3c9b700e7/nixexprs.tar.xz"
      },
      "original": {
        "id": "nixpkgs",
        "ref": "nixos-unstable",
        "type": "indirect"
      }
    },
    "root": {
      "inputs": {
        "home-manager": "home-manager",
        "nix-flatpak": "nix-flatpak",
        "nixpkgs": "nixpkgs",
        "nixpks": "nixpks"
      }
    }
  },
  "root": "root",
  "version": 7
}
